
Microsoft Visual Studio Solution File, Format Version 12.00
# Visual Studio 15
Project("{FAE04EC0-301F-11D3-BF4B-00C04F79EFBC}") = "NavigationBarCoresExemplo.Android", "NavigationBarCoresExemplo.Android\NavigationBarCoresExemplo.Android.csproj", "{E79713A3-3D34-425A-8DA2-5AFA2E838BF8}"
EndProject
Project("{FAE04EC0-301F-11D3-BF4B-00C04F79EFBC}") = "NavigationBarCoresExemplo.iOS", "NavigationBarCoresExemplo.iOS\NavigationBarCoresExemplo.iOS.csproj", "{7ECEA437-C78D-4C54-9AF3-DA2FFE2CF85D}"
EndProject
Project("{FAE04EC0-301F-11D3-BF4B-00C04F79EFBC}") = "NavigationBarCoresExemplo", "NavigationBarCoresExemplo\NavigationBarCoresExemplo.csproj", "{6B594EBB-6F2F-4F3C-A079-7B8A5E74444C}"
EndProject
Global
	GlobalSection(SolutionConfigurationPlatforms) = preSolution
		Debug|Any CPU = Debug|Any CPU
		Release|Any CPU = Release|Any CPU
		Debug|iPhoneSimulator = Debug|iPhoneSimulator
		Release|iPhoneSimulator = Release|iPhoneSimulator
		Debug|iPhone = Debug|iPhone
		Release|iPhone = Release|iPhone
	EndGlobalSection
	GlobalSection(ProjectConfigurationPlatforms) = postSolution
		{E79713A3-3D34-425A-8DA2-5AFA2E838BF8}.Debug|Any CPU.ActiveCfg = Debug|Any CPU
		{E79713A3-3D34-425A-8DA2-5AFA2E838BF8}.Debug|Any CPU.Build.0 = Debug|Any CPU
		{E79713A3-3D34-425A-8DA2-5AFA2E838BF8}.Release|Any CPU.ActiveCfg = Release|Any CPU
		{E79713A3-3D34-425A-8DA2-5AFA2E838BF8}.Release|Any CPU.Build.0 = Release|Any CPU
		{E79713A3-3D34-425A-8DA2-5AFA2E838BF8}.Debug|iPhoneSimulator.ActiveCfg = Debug|Any CPU
		{E79713A3-3D34-425A-8DA2-5AFA2E838BF8}.Debug|iPhoneSimulator.Build.0 = Debug|Any CPU
		{E79713A3-3D34-425A-8DA2-5AFA2E838BF8}.Release|iPhoneSimulator.ActiveCfg = Release|Any CPU
		{E79713A3-3D34-425A-8DA2-5AFA2E838BF8}.Release|iPhoneSimulator.Build.0 = Release|Any CPU
		{E79713A3-3D34-425A-8DA2-5AFA2E838BF8}.Debug|iPhone.ActiveCfg = Debug|Any CPU
		{E79713A3-3D34-425A-8DA2-5AFA2E838BF8}.Debug|iPhone.Build.0 = Debug|Any CPU
		{E79713A3-3D34-425A-8DA2-5AFA2E838BF8}.Release|iPhone.ActiveCfg = Release|Any CPU
		{E79713A3-3D34-425A-8DA2-5AFA2E838BF8}.Release|iPhone.Build.0 = Release|Any CPU
		{7ECEA437-C78D-4C54-9AF3-DA2FFE2CF85D}.Debug|Any CPU.ActiveCfg = Debug|iPhoneSimulator
		{7ECEA437-C78D-4C54-9AF3-DA2FFE2CF85D}.Debug|Any CPU.Build.0 = Debug|iPhoneSimulator
		{7ECEA437-C78D-4C54-9AF3-DA2FFE2CF85D}.Release|Any CPU.ActiveCfg = Release|iPhoneSimulator
		{7ECEA437-C78D-4C54-9AF3-DA2FFE2CF85D}.Release|Any CPU.Build.0 = Release|iPhoneSimulator
		{7ECEA437-C78D-4C54-9AF3-DA2FFE2CF85D}.Debug|iPhoneSimulator.ActiveCfg = Debug|iPhoneSimulator
		{7ECEA437-C78D-4C54-9AF3-DA2FFE2CF85D}.Debug|iPhoneSimulator.Build.0 = Debug|iPhoneSimulator
		{7ECEA437-C78D-4C54-9AF3-DA2FFE2CF85D}.Release|iPhoneSimulator.ActiveCfg = Release|iPhoneSimulator
		{7ECEA437-C78D-4C54-9AF3-DA2FFE2CF85D}.Release|iPhoneSimulator.Build.0 = Release|iPhoneSimulator
		{7ECEA437-C78D-4C54-9AF3-DA2FFE2CF85D}.Debug|iPhone.ActiveCfg = Debug|iPhone
		{7ECEA437-C78D-4C54-9AF3-DA2FFE2CF85D}.Debug|iPhone.Build.0 = Debug|iPhone
		{7ECEA437-C78D-4C54-9AF3-DA2FFE2CF85D}.Release|iPhone.ActiveCfg = Release|iPhone
		{7ECEA437-C78D-4C54-9AF3-DA2FFE2CF85D}.Release|iPhone.Build.0 = Release|iPhone
		{6B594EBB-6F2F-4F3C-A079-7B8A5E74444C}.Debug|Any CPU.ActiveCfg = Debug|Any CPU
		{6B594EBB-6F2F-4F3C-A079-7B8A5E74444C}.Debug|Any CPU.Build.0 = Debug|Any CPU
		{6B594EBB-6F2F-4F3C-A079-7B8A5E74444C}.Release|Any CPU.ActiveCfg = Release|Any CPU
		{6B594EBB-6F2F-4F3C-A079-7B8A5E74444C}.Release|Any CPU.Build.0 = Release|Any CPU
		{6B594EBB-6F2F-4F3C-A079-7B8A5E74444C}.Debug|iPhoneSimulator.ActiveCfg = Debug|Any CPU
		{6B594EBB-6F2F-4F3C-A079-7B8A5E74444C}.Debug|iPhoneSimulator.Build.0 = Debug|Any CPU
		{6B594EBB-6F2F-4F3C-A079-7B8A5E74444C}.Release|iPhoneSimulator.ActiveCfg = Release|Any CPU
		{6B594EBB-6F2F-4F3C-A079-7B8A5E74444C}.Release|iPhoneSimulator.Build.0 = Release|Any CPU
		{6B594EBB-6F2F-4F3C-A079-7B8A5E74444C}.Debug|iPhone.ActiveCfg = Debug|Any CPU
		{6B594EBB-6F2F-4F3C-A079-7B8A5E74444C}.Debug|iPhone.Build.0 = Debug|Any CPU
		{6B594EBB-6F2F-4F3C-A079-7B8A5E74444C}.Release|iPhone.ActiveCfg = Release|Any CPU
		{6B594EBB-6F2F-4F3C-A079-7B8A5E74444C}.Release|iPhone.Build.0 = Release|Any CPU
	EndGlobalSection
EndGlobal
